
Microsoft Visual Studio Solution File, Format Version 12.00
# Visual Studio 2012
Project("{FAE04EC0-301F-11D3-BF4B-00C04F79EFBC}") = "Timer", "Timer\Timer.csproj", "{286E441E-0F65-4EBE-AC12-1B99C358DA33}"
EndProject
Global
	GlobalSection(SolutionConfigurationPlatforms) = preSolution
		Debug|iPhoneSimulator = Debug|iPhoneSimulator
		Release|iPhone = Release|iPhone
		Release|iPhoneSimulator = Release|iPhoneSimulator
		Debug|iPhone = Debug|iPhone
	EndGlobalSection
	GlobalSection(ProjectConfigurationPlatforms) = postSolution
		{286E441E-0F65-4EBE-AC12-1B99C358DA33}.Debug|iPhone.ActiveCfg = Debug|iPhone
		{286E441E-0F65-4EBE-AC12-1B99C358DA33}.Debug|iPhone.Build.0 = Debug|iPhone
		{286E441E-0F65-4EBE-AC12-1B99C358DA33}.Debug|iPhoneSimulator.ActiveCfg = Debug|iPhoneSimulator
		{286E441E-0F65-4EBE-AC12-1B99C358DA33}.Debug|iPhoneSimulator.Build.0 = Debug|iPhoneSimulator
		{286E441E-0F65-4EBE-AC12-1B99C358DA33}.Release|iPhone.ActiveCfg = Release|iPhone
		{286E441E-0F65-4EBE-AC12-1B99C358DA33}.Release|iPhone.Build.0 = Release|iPhone
		{286E441E-0F65-4EBE-AC12-1B99C358DA33}.Release|iPhoneSimulator.ActiveCfg = Release|iPhoneSimulator
		{286E441E-0F65-4EBE-AC12-1B99C358DA33}.Release|iPhoneSimulator.Build.0 = Release|iPhoneSimulator
	EndGlobalSection
EndGlobal
